
Microsoft Visual Studio Solution File, Format Version 12.00
# Visual Studio Version 16
VisualStudioVersion = 16.0.28803.202
MinimumVisualStudioVersion = 10.0.40219.1
Project("{FAE04EC0-301F-11D3-BF4B-00C04F79EFBC}") = "assignment1", "assignment1\assignment1.csproj", "{789B8DD6-804C-451A-8BB5-F6D357AF3BCA}"
EndProject
Global
	GlobalSection(SolutionConfigurationPlatforms) = preSolution
		Debug|Any CPU = Debug|Any CPU
		Release|Any CPU = Release|Any CPU
	EndGlobalSection
	GlobalSection(ProjectConfigurationPlatforms) = postSolution
		{789B8DD6-804C-451A-8BB5-F6D357AF3BCA}.Debug|Any CPU.ActiveCfg = Debug|Any CPU
		{789B8DD6-804C-451A-8BB5-F6D357AF3BCA}.Debug|Any CPU.Build.0 = Debug|Any CPU
		{789B8DD6-804C-451A-8BB5-F6D357AF3BCA}.Release|Any CPU.ActiveCfg = Release|Any CPU
		{789B8DD6-804C-451A-8BB5-F6D357AF3BCA}.Release|Any CPU.Build.0 = Release|Any CPU
	EndGlobalSection
	GlobalSection(SolutionProperties) = preSolution
		HideSolutionNode = FALSE
	EndGlobalSection
	GlobalSection(ExtensibilityGlobals) = postSolution
		SolutionGuid = {91C46023-4E64-4404-B1CC-0CF0478EF2E3}
	EndGlobalSection
EndGlobal
