
Microsoft Visual Studio Solution File, Format Version 12.00
# Visual Studio Version 16
VisualStudioVersion = 16.0.28803.202
MinimumVisualStudioVersion = 10.0.40219.1
Project("{FAE04EC0-301F-11D3-BF4B-00C04F79EFBC}") = "App2", "App2\App2.csproj", "{3DC16D9B-7C41-4098-AE89-A8C1D83430CE}"
EndProject
Global
	GlobalSection(SolutionConfigurationPlatforms) = preSolution
		Debug|Any CPU = Debug|Any CPU
		Release|Any CPU = Release|Any CPU
	EndGlobalSection
	GlobalSection(ProjectConfigurationPlatforms) = postSolution
		{3DC16D9B-7C41-4098-AE89-A8C1D83430CE}.Debug|Any CPU.ActiveCfg = Debug|Any CPU
		{3DC16D9B-7C41-4098-AE89-A8C1D83430CE}.Debug|Any CPU.Build.0 = Debug|Any CPU
		{3DC16D9B-7C41-4098-AE89-A8C1D83430CE}.Release|Any CPU.ActiveCfg = Release|Any CPU
		{3DC16D9B-7C41-4098-AE89-A8C1D83430CE}.Release|Any CPU.Build.0 = Release|Any CPU
	EndGlobalSection
	GlobalSection(SolutionProperties) = preSolution
		HideSolutionNode = FALSE
	EndGlobalSection
	GlobalSection(ExtensibilityGlobals) = postSolution
		SolutionGuid = {E4A0F9F5-D0C8-4A07-8A6C-EFF720C27298}
	EndGlobalSection
EndGlobal
